
Microsoft Visual Studio Solution File, Format Version 12.00
# Visual Studio 15
VisualStudioVersion = 15.0.28010.2048
MinimumVisualStudioVersion = 10.0.40219.1
Project("{FAE04EC0-301F-11D3-BF4B-00C04F79EFBC}") = "IsPrime", "Q1\IsPrime.csproj", "{70B4175F-79B0-4925-A080-A3FC781A259F}"
EndProject
Project("{FAE04EC0-301F-11D3-BF4B-00C04F79EFBC}") = "AllPrimes", "AllPrimes\AllPrimes.csproj", "{7EE9AC40-C169-4617-9284-F58998DF00DA}"
EndProject
Project("{FAE04EC0-301F-11D3-BF4B-00C04F79EFBC}") = "Menu", "Menu\Menu.csproj", "{CEF39476-0B28-4095-9493-A36EFB8B47D2}"
EndProject
Global
	GlobalSection(SolutionConfigurationPlatforms) = preSolution
		Debug|Any CPU = Debug|Any CPU
		Release|Any CPU = Release|Any CPU
	EndGlobalSection
	GlobalSection(ProjectConfigurationPlatforms) = postSolution
		{70B4175F-79B0-4925-A080-A3FC781A259F}.Debug|Any CPU.ActiveCfg = Debug|Any CPU
		{70B4175F-79B0-4925-A080-A3FC781A259F}.Debug|Any CPU.Build.0 = Debug|Any CPU
		{70B4175F-79B0-4925-A080-A3FC781A259F}.Release|Any CPU.ActiveCfg = Release|Any CPU
		{70B4175F-79B0-4925-A080-A3FC781A259F}.Release|Any CPU.Build.0 = Release|Any CPU
		{7EE9AC40-C169-4617-9284-F58998DF00DA}.Debug|Any CPU.ActiveCfg = Debug|Any CPU
		{7EE9AC40-C169-4617-9284-F58998DF00DA}.Debug|Any CPU.Build.0 = Debug|Any CPU
		{7EE9AC40-C169-4617-9284-F58998DF00DA}.Release|Any CPU.ActiveCfg = Release|Any CPU
		{7EE9AC40-C169-4617-9284-F58998DF00DA}.Release|Any CPU.Build.0 = Release|Any CPU
		{CEF39476-0B28-4095-9493-A36EFB8B47D2}.Debug|Any CPU.ActiveCfg = Debug|Any CPU
		{CEF39476-0B28-4095-9493-A36EFB8B47D2}.Debug|Any CPU.Build.0 = Debug|Any CPU
		{CEF39476-0B28-4095-9493-A36EFB8B47D2}.Release|Any CPU.ActiveCfg = Release|Any CPU
		{CEF39476-0B28-4095-9493-A36EFB8B47D2}.Release|Any CPU.Build.0 = Release|Any CPU
	EndGlobalSection
	GlobalSection(SolutionProperties) = preSolution
		HideSolutionNode = FALSE
	EndGlobalSection
	GlobalSection(ExtensibilityGlobals) = postSolution
		SolutionGuid = {50131B80-8378-42BD-803F-CFF5B255288C}
	EndGlobalSection
EndGlobal
